
Microsoft Visual Studio Solution File, Format Version 12.00
# Visual Studio 2013
VisualStudioVersion = 12.0.31101.0
MinimumVisualStudioVersion = 10.0.40219.1
Project("{FAE04EC0-301F-11D3-BF4B-00C04F79EFBC}") = "SharedFolderSpy.Native", "SharedFolderSpy.WinApi\SharedFolderSpy.Native.csproj", "{C53E14E1-550A-45E4-B381-2D79A32C8282}"
EndProject
Project("{FAE04EC0-301F-11D3-BF4B-00C04F79EFBC}") = "SharedFolderSpy.Data", "SharedFolderSpy.Data\SharedFolderSpy.Data.csproj", "{A4DA38B7-D028-42BF-8FD8-53B2113D0335}"
EndProject
Project("{FAE04EC0-301F-11D3-BF4B-00C04F79EFBC}") = "SharedFolderSpy", "SharedFolderSpy\SharedFolderSpy.csproj", "{54325381-8319-497E-A8C9-6DC6376DDCCB}"
EndProject
Project("{FAE04EC0-301F-11D3-BF4B-00C04F79EFBC}") = "SharedFolderSpy.Controls", "SharedFolderSpy.Controls\SharedFolderSpy.Controls.csproj", "{FCDB5E6E-2D22-4D14-A72F-9DCE449F5EE7}"
EndProject
Global
	GlobalSection(SolutionConfigurationPlatforms) = preSolution
		Debug|Any CPU = Debug|Any CPU
		Release|Any CPU = Release|Any CPU
	EndGlobalSection
	GlobalSection(ProjectConfigurationPlatforms) = postSolution
		{C53E14E1-550A-45E4-B381-2D79A32C8282}.Debug|Any CPU.ActiveCfg = Debug|Any CPU
		{C53E14E1-550A-45E4-B381-2D79A32C8282}.Debug|Any CPU.Build.0 = Debug|Any CPU
		{C53E14E1-550A-45E4-B381-2D79A32C8282}.Release|Any CPU.ActiveCfg = Release|Any CPU
		{C53E14E1-550A-45E4-B381-2D79A32C8282}.Release|Any CPU.Build.0 = Release|Any CPU
		{A4DA38B7-D028-42BF-8FD8-53B2113D0335}.Debug|Any CPU.ActiveCfg = Debug|Any CPU
		{A4DA38B7-D028-42BF-8FD8-53B2113D0335}.Debug|Any CPU.Build.0 = Debug|Any CPU
		{A4DA38B7-D028-42BF-8FD8-53B2113D0335}.Release|Any CPU.ActiveCfg = Release|Any CPU
		{A4DA38B7-D028-42BF-8FD8-53B2113D0335}.Release|Any CPU.Build.0 = Release|Any CPU
		{54325381-8319-497E-A8C9-6DC6376DDCCB}.Debug|Any CPU.ActiveCfg = Debug|Any CPU
		{54325381-8319-497E-A8C9-6DC6376DDCCB}.Debug|Any CPU.Build.0 = Debug|Any CPU
		{54325381-8319-497E-A8C9-6DC6376DDCCB}.Release|Any CPU.ActiveCfg = Release|Any CPU
		{54325381-8319-497E-A8C9-6DC6376DDCCB}.Release|Any CPU.Build.0 = Release|Any CPU
		{FCDB5E6E-2D22-4D14-A72F-9DCE449F5EE7}.Debug|Any CPU.ActiveCfg = Debug|Any CPU
		{FCDB5E6E-2D22-4D14-A72F-9DCE449F5EE7}.Debug|Any CPU.Build.0 = Debug|Any CPU
		{FCDB5E6E-2D22-4D14-A72F-9DCE449F5EE7}.Release|Any CPU.ActiveCfg = Release|Any CPU
		{FCDB5E6E-2D22-4D14-A72F-9DCE449F5EE7}.Release|Any CPU.Build.0 = Release|Any CPU
	EndGlobalSection
	GlobalSection(SolutionProperties) = preSolution
		HideSolutionNode = FALSE
	EndGlobalSection
EndGlobal
